
Microsoft Visual Studio Solution File, Format Version 12.00
# Visual Studio Version 16
VisualStudioVersion = 16.0.32228.343
MinimumVisualStudioVersion = 10.0.40219.1
Project("{FAE04EC0-301F-11D3-BF4B-00C04F79EFBC}") = "ArsShina_Bot", "ArsShina_Bot\ArsShina_Bot.csproj", "{08B72A6E-92BE-4423-8A83-00267D477E9F}"
EndProject
Global
	GlobalSection(SolutionConfigurationPlatforms) = preSolution
		Debug|Any CPU = Debug|Any CPU
		Release|Any CPU = Release|Any CPU
	EndGlobalSection
	GlobalSection(ProjectConfigurationPlatforms) = postSolution
		{08B72A6E-92BE-4423-8A83-00267D477E9F}.Debug|Any CPU.ActiveCfg = Debug|Any CPU
		{08B72A6E-92BE-4423-8A83-00267D477E9F}.Debug|Any CPU.Build.0 = Debug|Any CPU
		{08B72A6E-92BE-4423-8A83-00267D477E9F}.Release|Any CPU.ActiveCfg = Release|Any CPU
		{08B72A6E-92BE-4423-8A83-00267D477E9F}.Release|Any CPU.Build.0 = Release|Any CPU
	EndGlobalSection
	GlobalSection(SolutionProperties) = preSolution
		HideSolutionNode = FALSE
	EndGlobalSection
	GlobalSection(ExtensibilityGlobals) = postSolution
		SolutionGuid = {7ADBFB59-0D2A-4BEB-9C8F-CB7E8A14DB81}
	EndGlobalSection
EndGlobal
